
Microsoft Visual Studio Solution File, Format Version 12.00
# Visual Studio Version 17
VisualStudioVersion = 17.13.35931.197
MinimumVisualStudioVersion = 10.0.40219.1
Project("{FAE04EC0-301F-11D3-BF4B-00C04F79EFBC}") = "ELE.MockApi", "ELE.MockApi.csproj", "{42FA10AB-D971-464E-A4C1-D681E97F4298}"
EndProject
Global
	GlobalSection(SolutionConfigurationPlatforms) = preSolution
		Debug|Any CPU = Debug|Any CPU
		Release|Any CPU = Release|Any CPU
	EndGlobalSection
	GlobalSection(ProjectConfigurationPlatforms) = postSolution
		{42FA10AB-D971-464E-A4C1-D681E97F4298}.Debug|Any CPU.ActiveCfg = Debug|Any CPU
		{42FA10AB-D971-464E-A4C1-D681E97F4298}.Debug|Any CPU.Build.0 = Debug|Any CPU
		{42FA10AB-D971-464E-A4C1-D681E97F4298}.Release|Any CPU.ActiveCfg = Release|Any CPU
		{42FA10AB-D971-464E-A4C1-D681E97F4298}.Release|Any CPU.Build.0 = Release|Any CPU
	EndGlobalSection
	GlobalSection(SolutionProperties) = preSolution
		HideSolutionNode = FALSE
	EndGlobalSection
	GlobalSection(ExtensibilityGlobals) = postSolution
		SolutionGuid = {D0416934-08ED-4BA0-8B5B-693F0EE6907E}
	EndGlobalSection
EndGlobal
